// !$*UTF8*$!
{
	archiveVersion = 1;
	classes = {
	};
	objectVersion = 55;
	objects = {

/* Begin PBXBuildFile section */
		009174EB27A401B266A6F2AB /* Little_MomentsUITests.swift in Sources */ = {isa = PBXBuildFile; fileRef = 45D0984E357DB77B4AA39A2E /* Little_MomentsUITests.swift */; };
		05868A24DD73AC4D6BFFC362 /* ScheduledBellAlert.swift in Sources */ = {isa = PBXBuildFile; fileRef = 39826F3A9729AC712CD13FA1 /* ScheduledBellAlert.swift */; };
		05DC5259A59269BF548FA9D6 /* Assets.xcassets in Resources */ = {isa = PBXBuildFile; fileRef = B68F15507CFA12ACCCE7FE2B /* Assets.xcassets */; };
		107FC14EFDA5D80B474B92DD /* TimerRunningViewTests.swift in Sources */ = {isa = PBXBuildFile; fileRef = 9C6D9FD478B0114D2007BD98 /* TimerRunningViewTests.swift */; };
		167418B09E6FF69D5F12C63E /* Little_MomentsApp.swift in Sources */ = {isa = PBXBuildFile; fileRef = 85D94E65BCF2B1DCFDAD1BBA /* Little_MomentsApp.swift */; };
		2ADB55B1302E23CFD0D28650 /* TimerStartView.swift in Sources */ = {isa = PBXBuildFile; fileRef = 888727BDE8D0E884FAB58266 /* TimerStartView.swift */; };
		6999BFE886269FBE95A3B313 /* MeditationSessionIntent.swift in Sources */ = {isa = PBXBuildFile; fileRef = BC99915CAA8E82E19C0D0352 /* MeditationSessionIntent.swift */; };
		69CD22E38ADDA9396FD6416F /* TimerViewModel.swift in Sources */ = {isa = PBXBuildFile; fileRef = 9B07ADE3FB035E6D049FBA42 /* TimerViewModel.swift */; };
		75D8FD13C81135BC86277D3C /* ImageButton.swift in Sources */ = {isa = PBXBuildFile; fileRef = FCC15F1523FC162F6A1E01E3 /* ImageButton.swift */; };
		7C8271A6E8D5E89694087429 /* SoundManager.swift in Sources */ = {isa = PBXBuildFile; fileRef = D5E7FFEF8B037B913B5508CC /* SoundManager.swift */; };
		8B5A66CAEDB85A408C145E78 /* TimerRunningView.swift in Sources */ = {isa = PBXBuildFile; fileRef = D60021AF36447DA1D2AE9338 /* TimerRunningView.swift */; };
		8CBD2642D3CDC24D59F16E74 /* AppState.swift in Sources */ = {isa = PBXBuildFile; fileRef = 204AE01B66F64F3B154AD5E3 /* AppState.swift */; };
		96F72E353B97D9D7ABF9FEFA /* HealthKitManager.swift in Sources */ = {isa = PBXBuildFile; fileRef = BAE74694017998D3FF1507E4 /* HealthKitManager.swift */; };
		9FE42887BAFC1845470FBA3E /* Preview Assets.xcassets in Resources */ = {isa = PBXBuildFile; fileRef = 2C67AB79C585F7EF31687307 /* Preview Assets.xcassets */; };
		AC61ED16528243D567CEC1BE /* JustNowSettings.swift in Sources */ = {isa = PBXBuildFile; fileRef = 43DF75D37B2D66634E4452B0 /* JustNowSettings.swift */; };
		B16A9F2FBB165167D98D7259 /* TuistBundle+LittleMoments.swift in Sources */ = {isa = PBXBuildFile; fileRef = 308D6D372557F071D4CC685C /* TuistBundle+LittleMoments.swift */; };
		B2059C39B402043678728121 /* SettingsView.swift in Sources */ = {isa = PBXBuildFile; fileRef = A017C7FCEB593FCA63754561 /* SettingsView.swift */; };
		C18AB483C09E4DA0AD3B8BEE /* Launch.storyboard in Resources */ = {isa = PBXBuildFile; fileRef = AB85EF53ED3DFEE8D028E86B /* Launch.storyboard */; };
		C9C6A1FB6F439FE261B3F2AE /* Little_MomentsTests.swift in Sources */ = {isa = PBXBuildFile; fileRef = 8D5428F8528E53E0A5C1251A /* Little_MomentsTests.swift */; };
		D0ABFA84631F1583B1083EB6 /* Little_MomentsUITestsLaunchTests.swift in Sources */ = {isa = PBXBuildFile; fileRef = 0E04733FB208E617324C01EF /* Little_MomentsUITestsLaunchTests.swift */; };
		D57C6D008E2516BD112FF4F9 /* 42095__fauxpress__bell-meditation.aif in Resources */ = {isa = PBXBuildFile; fileRef = 164433DE6D13DD177477E7B5 /* 42095__fauxpress__bell-meditation.aif */; };
		DC297FE288A159569CC4CD59 /* TuistAssets+LittleMoments.swift in Sources */ = {isa = PBXBuildFile; fileRef = 0F6C86177F172A74E0BEF3FA /* TuistAssets+LittleMoments.swift */; };
/* End PBXBuildFile section */

/* Begin PBXCopyFilesBuildPhase section */
		1E137B6B8D4575D0B0E55C9F /* Embed Frameworks */ = {
			isa = PBXCopyFilesBuildPhase;
			buildActionMask = 2147483647;
			dstPath = "";
			dstSubfolderSpec = 10;
			files = (
			);
			name = "Embed Frameworks";
			runOnlyForDeploymentPostprocessing = 0;
		};
		DF7FE7444BCFC4B19FE07BA2 /* Embed Frameworks */ = {
			isa = PBXCopyFilesBuildPhase;
			buildActionMask = 2147483647;
			dstPath = "";
			dstSubfolderSpec = 10;
			files = (
			);
			name = "Embed Frameworks";
			runOnlyForDeploymentPostprocessing = 0;
		};
/* End PBXCopyFilesBuildPhase section */

/* Begin PBXFileReference section */
		0E04733FB208E617324C01EF /* Little_MomentsUITestsLaunchTests.swift */ = {isa = PBXFileReference; lastKnownFileType = sourcecode.swift; path = Little_MomentsUITestsLaunchTests.swift; sourceTree = "<group>"; };
		0F6C86177F172A74E0BEF3FA /* TuistAssets+LittleMoments.swift */ = {isa = PBXFileReference; lastKnownFileType = sourcecode.swift; path = "TuistAssets+LittleMoments.swift"; sourceTree = "<group>"; };
		121CDF1BDB571F0F16888D7F /* LittleMomentsTests.xctest */ = {isa = PBXFileReference; explicitFileType = wrapper.cfbundle; includeInIndex = 0; path = LittleMomentsTests.xctest; sourceTree = BUILT_PRODUCTS_DIR; };
		164433DE6D13DD177477E7B5 /* 42095__fauxpress__bell-meditation.aif */ = {isa = PBXFileReference; path = "42095__fauxpress__bell-meditation.aif"; sourceTree = "<group>"; };
		1D7DEC411B9C9404121E802A /* LittleMomentsTests-Info.plist */ = {isa = PBXFileReference; lastKnownFileType = text.plist; path = "LittleMomentsTests-Info.plist"; sourceTree = "<group>"; };
		204AE01B66F64F3B154AD5E3 /* AppState.swift */ = {isa = PBXFileReference; lastKnownFileType = sourcecode.swift; path = AppState.swift; sourceTree = "<group>"; };
		2C67AB79C585F7EF31687307 /* Preview Assets.xcassets */ = {isa = PBXFileReference; lastKnownFileType = folder.assetcatalog; path = "Preview Assets.xcassets"; sourceTree = "<group>"; };
		308D6D372557F071D4CC685C /* TuistBundle+LittleMoments.swift */ = {isa = PBXFileReference; lastKnownFileType = sourcecode.swift; path = "TuistBundle+LittleMoments.swift"; sourceTree = "<group>"; };
		39826F3A9729AC712CD13FA1 /* ScheduledBellAlert.swift */ = {isa = PBXFileReference; lastKnownFileType = sourcecode.swift; path = ScheduledBellAlert.swift; sourceTree = "<group>"; };
		411DAEEAA95330EBC3DAE5A1 /* Little-Moments-Info.plist */ = {isa = PBXFileReference; lastKnownFileType = text.plist; path = "Little-Moments-Info.plist"; sourceTree = "<group>"; };
		43DF75D37B2D66634E4452B0 /* JustNowSettings.swift */ = {isa = PBXFileReference; lastKnownFileType = sourcecode.swift; path = JustNowSettings.swift; sourceTree = "<group>"; };
		45D0984E357DB77B4AA39A2E /* Little_MomentsUITests.swift */ = {isa = PBXFileReference; lastKnownFileType = sourcecode.swift; path = Little_MomentsUITests.swift; sourceTree = "<group>"; };
		4AD2AE5FA929A22585C3F955 /* Release.xcconfig */ = {isa = PBXFileReference; lastKnownFileType = text.xcconfig; path = Release.xcconfig; sourceTree = "<group>"; };
		85D94E65BCF2B1DCFDAD1BBA /* Little_MomentsApp.swift */ = {isa = PBXFileReference; lastKnownFileType = sourcecode.swift; path = Little_MomentsApp.swift; sourceTree = "<group>"; };
		888727BDE8D0E884FAB58266 /* TimerStartView.swift */ = {isa = PBXFileReference; lastKnownFileType = sourcecode.swift; path = TimerStartView.swift; sourceTree = "<group>"; };
		8D5428F8528E53E0A5C1251A /* Little_MomentsTests.swift */ = {isa = PBXFileReference; lastKnownFileType = sourcecode.swift; path = Little_MomentsTests.swift; sourceTree = "<group>"; };
		9B07ADE3FB035E6D049FBA42 /* TimerViewModel.swift */ = {isa = PBXFileReference; lastKnownFileType = sourcecode.swift; path = TimerViewModel.swift; sourceTree = "<group>"; };
		9C6D9FD478B0114D2007BD98 /* TimerRunningViewTests.swift */ = {isa = PBXFileReference; lastKnownFileType = sourcecode.swift; path = TimerRunningViewTests.swift; sourceTree = "<group>"; };
		A017C7FCEB593FCA63754561 /* SettingsView.swift */ = {isa = PBXFileReference; lastKnownFileType = sourcecode.swift; path = SettingsView.swift; sourceTree = "<group>"; };
		AB85EF53ED3DFEE8D028E86B /* Launch.storyboard */ = {isa = PBXFileReference; lastKnownFileType = file.storyboard; path = Launch.storyboard; sourceTree = "<group>"; };
		B5ED121AE3C8A44C73F76627 /* LittleMoments.app */ = {isa = PBXFileReference; explicitFileType = wrapper.application; includeInIndex = 0; path = LittleMoments.app; sourceTree = BUILT_PRODUCTS_DIR; };
		B68F15507CFA12ACCCE7FE2B /* Assets.xcassets */ = {isa = PBXFileReference; lastKnownFileType = folder.assetcatalog; path = Assets.xcassets; sourceTree = "<group>"; };
		BAE74694017998D3FF1507E4 /* HealthKitManager.swift */ = {isa = PBXFileReference; lastKnownFileType = sourcecode.swift; path = HealthKitManager.swift; sourceTree = "<group>"; };
		BC99915CAA8E82E19C0D0352 /* MeditationSessionIntent.swift */ = {isa = PBXFileReference; lastKnownFileType = sourcecode.swift; path = MeditationSessionIntent.swift; sourceTree = "<group>"; };
		CFF5E2B8312E4491ED6D6A99 /* Debug.xcconfig */ = {isa = PBXFileReference; lastKnownFileType = text.xcconfig; path = Debug.xcconfig; sourceTree = "<group>"; };
		D5E7FFEF8B037B913B5508CC /* SoundManager.swift */ = {isa = PBXFileReference; lastKnownFileType = sourcecode.swift; path = SoundManager.swift; sourceTree = "<group>"; };
		D60021AF36447DA1D2AE9338 /* TimerRunningView.swift */ = {isa = PBXFileReference; lastKnownFileType = sourcecode.swift; path = TimerRunningView.swift; sourceTree = "<group>"; };
		FCC15F1523FC162F6A1E01E3 /* ImageButton.swift */ = {isa = PBXFileReference; lastKnownFileType = sourcecode.swift; path = ImageButton.swift; sourceTree = "<group>"; };
/* End PBXFileReference section */

/* Begin PBXFrameworksBuildPhase section */
		4AE8502E55BA488ED5A95AC1 /* Frameworks */ = {
			isa = PBXFrameworksBuildPhase;
			buildActionMask = 2147483647;
			files = (
			);
			runOnlyForDeploymentPostprocessing = 0;
		};
		AC1C9CC6B1E057790464299D /* Frameworks */ = {
			isa = PBXFrameworksBuildPhase;
			buildActionMask = 2147483647;
			files = (
			);
			runOnlyForDeploymentPostprocessing = 0;
		};
/* End PBXFrameworksBuildPhase section */

/* Begin PBXGroup section */
		016CD9964087B52F6DFE96EB /* Features */ = {
			isa = PBXGroup;
			children = (
				CD641C34F6FA687A09C1590F /* Meditation */,
				F09804201F894D111C1C3B81 /* Settings */,
				88A6CAD002ED3FDC81E6FCDF /* Shared */,
				8FF1724753960C96062098A4 /* Timer */,
			);
			path = Features;
			sourceTree = "<group>";
		};
		0531B85558C8BBC1155504F2 /* Models */ = {
			isa = PBXGroup;
			children = (
				43DF75D37B2D66634E4452B0 /* JustNowSettings.swift */,
			);
			path = Models;
			sourceTree = "<group>";
		};
		1596CE3793320F9B10F4B379 /* Core */ = {
			isa = PBXGroup;
			children = (
				FF2BC1EA848CA168E6C9F799 /* Audio */,
				57DFD7E94E1B5661E7047ADC /* Health */,
				3EFE66B916D021432F4D4C2C /* State */,
			);
			path = Core;
			sourceTree = "<group>";
		};
		1769CE585B3C0127872F0C32 /* iOS */ = {
			isa = PBXGroup;
			children = (
				85D94E65BCF2B1DCFDAD1BBA /* Little_MomentsApp.swift */,
			);
			path = iOS;
			sourceTree = "<group>";
		};
		3059A6E31BC4ECDCB2D6B9B6 /* Sources */ = {
			isa = PBXGroup;
			children = (
				0F6C86177F172A74E0BEF3FA /* TuistAssets+LittleMoments.swift */,
				308D6D372557F071D4CC685C /* TuistBundle+LittleMoments.swift */,
			);
			path = Sources;
			sourceTree = "<group>";
		};
		31E83A81C9D4E50EE7156947 /* InfoPlists */ = {
			isa = PBXGroup;
			children = (
				1D7DEC411B9C9404121E802A /* LittleMomentsTests-Info.plist */,
			);
			path = InfoPlists;
			sourceTree = "<group>";
		};
		355D662EFF23AD057139497D /* Sounds */ = {
			isa = PBXGroup;
			children = (
				164433DE6D13DD177477E7B5 /* 42095__fauxpress__bell-meditation.aif */,
			);
			path = Sounds;
			sourceTree = "<group>";
		};
		35EA5E5BDFD68E4C0736D64B /* Models */ = {
			isa = PBXGroup;
			children = (
				BC99915CAA8E82E19C0D0352 /* MeditationSessionIntent.swift */,
			);
			path = Models;
			sourceTree = "<group>";
		};
		3EFE66B916D021432F4D4C2C /* State */ = {
			isa = PBXGroup;
			children = (
				204AE01B66F64F3B154AD5E3 /* AppState.swift */,
			);
			path = State;
			sourceTree = "<group>";
		};
		4027F3A929D47BC6E4827437 /* Models */ = {
			isa = PBXGroup;
			children = (
				9B07ADE3FB035E6D049FBA42 /* TimerViewModel.swift */,
			);
			path = Models;
			sourceTree = "<group>";
		};
		4252F026A9225E9D878541BD /* Preview Content */ = {
			isa = PBXGroup;
			children = (
				2C67AB79C585F7EF31687307 /* Preview Assets.xcassets */,
			);
			path = "Preview Content";
			sourceTree = "<group>";
		};
		4BE8D63DF496D70388272985 /* Derived */ = {
			isa = PBXGroup;
			children = (
				31E83A81C9D4E50EE7156947 /* InfoPlists */,
				3059A6E31BC4ECDCB2D6B9B6 /* Sources */,
			);
			path = Derived;
			sourceTree = "<group>";
		};
		4EB583CEF86E2F835A29275C /* Config */ = {
			isa = PBXGroup;
			children = (
				CFF5E2B8312E4491ED6D6A99 /* Debug.xcconfig */,
				4AD2AE5FA929A22585C3F955 /* Release.xcconfig */,
			);
			path = Config;
			sourceTree = "<group>";
		};
		528A4684BF2A3E98F01D75F2 /* Views */ = {
			isa = PBXGroup;
			children = (
				A017C7FCEB593FCA63754561 /* SettingsView.swift */,
			);
			path = Views;
			sourceTree = "<group>";
		};
		57DFD7E94E1B5661E7047ADC /* Health */ = {
			isa = PBXGroup;
			children = (
				BAE74694017998D3FF1507E4 /* HealthKitManager.swift */,
			);
			path = Health;
			sourceTree = "<group>";
		};
		6249752E104A40FC8CF73B46 /* Project */ = {
			isa = PBXGroup;
			children = (
				4EB583CEF86E2F835A29275C /* Config */,
				4BE8D63DF496D70388272985 /* Derived */,
				8781946F11168CC9C7411A5D /* LittleMoments */,
				411DAEEAA95330EBC3DAE5A1 /* Little-Moments-Info.plist */,
			);
			name = Project;
			sourceTree = "<group>";
		};
		6278199C4AF30E9DF9ACA051 /* Products */ = {
			isa = PBXGroup;
			children = (
				B5ED121AE3C8A44C73F76627 /* LittleMoments.app */,
				121CDF1BDB571F0F16888D7F /* LittleMomentsTests.xctest */,
			);
			name = Products;
			sourceTree = "<group>";
		};
		840159DC0515EF79E8733E14 /* App */ = {
			isa = PBXGroup;
			children = (
				1769CE585B3C0127872F0C32 /* iOS */,
			);
			path = App;
			sourceTree = "<group>";
		};
		8781946F11168CC9C7411A5D /* LittleMoments */ = {
			isa = PBXGroup;
			children = (
				840159DC0515EF79E8733E14 /* App */,
				1596CE3793320F9B10F4B379 /* Core */,
				016CD9964087B52F6DFE96EB /* Features */,
				F4EAF3C0B8AC0F888C0E73EF /* Resources */,
				B077FC71488E606A5EBFAD64 /* Tests */,
			);
			path = LittleMoments;
			sourceTree = "<group>";
		};
		88A6CAD002ED3FDC81E6FCDF /* Shared */ = {
			isa = PBXGroup;
			children = (
				FCC15F1523FC162F6A1E01E3 /* ImageButton.swift */,
			);
			path = Shared;
			sourceTree = "<group>";
		};
		8FF1724753960C96062098A4 /* Timer */ = {
			isa = PBXGroup;
			children = (
				4027F3A929D47BC6E4827437 /* Models */,
				B38073C889BAD473602982E9 /* Views */,
			);
			path = Timer;
			sourceTree = "<group>";
		};
		95FBFC51CD506248C6823F87 = {
			isa = PBXGroup;
			children = (
				6249752E104A40FC8CF73B46 /* Project */,
				6278199C4AF30E9DF9ACA051 /* Products */,
			);
			sourceTree = "<group>";
		};
		9885B141D94A128D7DEBCDF7 /* TimerTests */ = {
			isa = PBXGroup;
			children = (
				9C6D9FD478B0114D2007BD98 /* TimerRunningViewTests.swift */,
			);
			path = TimerTests;
			sourceTree = "<group>";
		};
		9AB870B34C217359086F7E28 /* UITests */ = {
			isa = PBXGroup;
			children = (
				45D0984E357DB77B4AA39A2E /* Little_MomentsUITests.swift */,
				0E04733FB208E617324C01EF /* Little_MomentsUITestsLaunchTests.swift */,
			);
			path = UITests;
			sourceTree = "<group>";
		};
		B077FC71488E606A5EBFAD64 /* Tests */ = {
			isa = PBXGroup;
			children = (
				9AB870B34C217359086F7E28 /* UITests */,
				F5B993654DF382B44CD95AA6 /* UnitTests */,
			);
			path = Tests;
			sourceTree = "<group>";
		};
		B38073C889BAD473602982E9 /* Views */ = {
			isa = PBXGroup;
			children = (
				D60021AF36447DA1D2AE9338 /* TimerRunningView.swift */,
				888727BDE8D0E884FAB58266 /* TimerStartView.swift */,
			);
			path = Views;
			sourceTree = "<group>";
		};
		CD641C34F6FA687A09C1590F /* Meditation */ = {
			isa = PBXGroup;
			children = (
				35EA5E5BDFD68E4C0736D64B /* Models */,
			);
			path = Meditation;
			sourceTree = "<group>";
		};
		EB3594D863F5B8C6A770A986 /* CoreTests */ = {
			isa = PBXGroup;
			children = (
				8D5428F8528E53E0A5C1251A /* Little_MomentsTests.swift */,
			);
			path = CoreTests;
			sourceTree = "<group>";
		};
		F09804201F894D111C1C3B81 /* Settings */ = {
			isa = PBXGroup;
			children = (
				0531B85558C8BBC1155504F2 /* Models */,
				528A4684BF2A3E98F01D75F2 /* Views */,
			);
			path = Settings;
			sourceTree = "<group>";
		};
		F4EAF3C0B8AC0F888C0E73EF /* Resources */ = {
			isa = PBXGroup;
			children = (
				4252F026A9225E9D878541BD /* Preview Content */,
				355D662EFF23AD057139497D /* Sounds */,
				B68F15507CFA12ACCCE7FE2B /* Assets.xcassets */,
				AB85EF53ED3DFEE8D028E86B /* Launch.storyboard */,
			);
			path = Resources;
			sourceTree = "<group>";
		};
		F5B993654DF382B44CD95AA6 /* UnitTests */ = {
			isa = PBXGroup;
			children = (
				EB3594D863F5B8C6A770A986 /* CoreTests */,
				9885B141D94A128D7DEBCDF7 /* TimerTests */,
			);
			path = UnitTests;
			sourceTree = "<group>";
		};
		FF2BC1EA848CA168E6C9F799 /* Audio */ = {
			isa = PBXGroup;
			children = (
				39826F3A9729AC712CD13FA1 /* ScheduledBellAlert.swift */,
				D5E7FFEF8B037B913B5508CC /* SoundManager.swift */,
			);
			path = Audio;
			sourceTree = "<group>";
		};
/* End PBXGroup section */

/* Begin PBXNativeTarget section */
		AF0A8F652B453DA95D7305D3 /* LittleMomentsTests */ = {
			isa = PBXNativeTarget;
			buildConfigurationList = BDEA48B44DAED857533FE346 /* Build configuration list for PBXNativeTarget "LittleMomentsTests" */;
			buildPhases = (
				543D09BA55C626ACEAE18D1A /* Sources */,
				DC49541D63BAE85E7E4465E8 /* Resources */,
				4AE8502E55BA488ED5A95AC1 /* Frameworks */,
				DF7FE7444BCFC4B19FE07BA2 /* Embed Frameworks */,
			);
			buildRules = (
			);
			dependencies = (
			);
			name = LittleMomentsTests;
			packageProductDependencies = (
			);
			productName = LittleMomentsTests;
			productReference = 121CDF1BDB571F0F16888D7F /* LittleMomentsTests.xctest */;
			productType = "com.apple.product-type.bundle.unit-test";
		};
		FF14F867F9AB9E668D6A3100 /* LittleMoments */ = {
			isa = PBXNativeTarget;
			buildConfigurationList = 3B3646B914D139B2B1148686 /* Build configuration list for PBXNativeTarget "LittleMoments" */;
			buildPhases = (
				A2A8A17A9A542215B6C95AF4 /* Sources */,
				D92BF62529FB5FF3462AD2F7 /* Resources */,
				AC1C9CC6B1E057790464299D /* Frameworks */,
				1E137B6B8D4575D0B0E55C9F /* Embed Frameworks */,
			);
			buildRules = (
			);
			dependencies = (
			);
			name = LittleMoments;
			packageProductDependencies = (
			);
			productName = LittleMoments;
			productReference = B5ED121AE3C8A44C73F76627 /* LittleMoments.app */;
			productType = "com.apple.product-type.application";
		};
/* End PBXNativeTarget section */

/* Begin PBXProject section */
		6F426C07DF66FF4F6592565F /* Project object */ = {
			isa = PBXProject;
			attributes = {
				BuildIndependentTargetsInParallel = YES;
			};
			buildConfigurationList = 02F51AE6DB7B78032719D3E5 /* Build configuration list for PBXProject "LittleMoments" */;
			compatibilityVersion = "Xcode 14.0";
			developmentRegion = en;
			hasScannedForEncodings = 0;
			knownRegions = (
				Base,
				en,
			);
			mainGroup = 95FBFC51CD506248C6823F87;
			productRefGroup = 6278199C4AF30E9DF9ACA051 /* Products */;
			projectDirPath = "";
			projectRoot = "";
			targets = (
				FF14F867F9AB9E668D6A3100 /* LittleMoments */,
				AF0A8F652B453DA95D7305D3 /* LittleMomentsTests */,
			);
		};
/* End PBXProject section */

/* Begin PBXResourcesBuildPhase section */
		D92BF62529FB5FF3462AD2F7 /* Resources */ = {
			isa = PBXResourcesBuildPhase;
			buildActionMask = 2147483647;
			files = (
				05DC5259A59269BF548FA9D6 /* Assets.xcassets in Resources */,
				C18AB483C09E4DA0AD3B8BEE /* Launch.storyboard in Resources */,
				9FE42887BAFC1845470FBA3E /* Preview Assets.xcassets in Resources */,
				D57C6D008E2516BD112FF4F9 /* 42095__fauxpress__bell-meditation.aif in Resources */,
			);
			runOnlyForDeploymentPostprocessing = 0;
		};
		DC49541D63BAE85E7E4465E8 /* Resources */ = {
			isa = PBXResourcesBuildPhase;
			buildActionMask = 2147483647;
			files = (
			);
			runOnlyForDeploymentPostprocessing = 0;
		};
/* End PBXResourcesBuildPhase section */

/* Begin PBXSourcesBuildPhase section */
		543D09BA55C626ACEAE18D1A /* Sources */ = {
			isa = PBXSourcesBuildPhase;
			buildActionMask = 2147483647;
			files = (
				009174EB27A401B266A6F2AB /* Little_MomentsUITests.swift in Sources */,
				D0ABFA84631F1583B1083EB6 /* Little_MomentsUITestsLaunchTests.swift in Sources */,
				C9C6A1FB6F439FE261B3F2AE /* Little_MomentsTests.swift in Sources */,
				107FC14EFDA5D80B474B92DD /* TimerRunningViewTests.swift in Sources */,
			);
			runOnlyForDeploymentPostprocessing = 0;
		};
		A2A8A17A9A542215B6C95AF4 /* Sources */ = {
			isa = PBXSourcesBuildPhase;
			buildActionMask = 2147483647;
			files = (
				DC297FE288A159569CC4CD59 /* TuistAssets+LittleMoments.swift in Sources */,
				B16A9F2FBB165167D98D7259 /* TuistBundle+LittleMoments.swift in Sources */,
				167418B09E6FF69D5F12C63E /* Little_MomentsApp.swift in Sources */,
				05868A24DD73AC4D6BFFC362 /* ScheduledBellAlert.swift in Sources */,
				7C8271A6E8D5E89694087429 /* SoundManager.swift in Sources */,
				96F72E353B97D9D7ABF9FEFA /* HealthKitManager.swift in Sources */,
				8CBD2642D3CDC24D59F16E74 /* AppState.swift in Sources */,
				6999BFE886269FBE95A3B313 /* MeditationSessionIntent.swift in Sources */,
				AC61ED16528243D567CEC1BE /* JustNowSettings.swift in Sources */,
				B2059C39B402043678728121 /* SettingsView.swift in Sources */,
				75D8FD13C81135BC86277D3C /* ImageButton.swift in Sources */,
				69CD22E38ADDA9396FD6416F /* TimerViewModel.swift in Sources */,
				8B5A66CAEDB85A408C145E78 /* TimerRunningView.swift in Sources */,
				2ADB55B1302E23CFD0D28650 /* TimerStartView.swift in Sources */,
			);
			runOnlyForDeploymentPostprocessing = 0;
		};
/* End PBXSourcesBuildPhase section */

/* Begin XCBuildConfiguration section */
		15EB5E16F6E729B5D1498A17 /* Debug */ = {
			isa = XCBuildConfiguration;
			buildSettings = {
				CODE_SIGN_IDENTITY = "iPhone Developer";
				INFOPLIST_FILE = "Derived/InfoPlists/LittleMomentsTests-Info.plist";
				LD_RUNPATH_SEARCH_PATHS = (
					"$(inherited)",
					"@executable_path/Frameworks",
					"@loader_path/Frameworks",
				);
				PRODUCT_BUNDLE_IDENTIFIER = net.bomash.illya.LittleMomentsTests;
				PRODUCT_NAME = LittleMomentsTests;
				SDKROOT = iphoneos;
				SUPPORTS_MACCATALYST = NO;
				SUPPORTS_MAC_DESIGNED_FOR_IPHONE_IPAD = YES;
				SUPPORTS_XR_DESIGNED_FOR_IPHONE_IPAD = NO;
				SWIFT_ACTIVE_COMPILATION_CONDITIONS = (
					"$(inherited)",
					DEBUG,
				);
				SWIFT_COMPILATION_MODE = singlefile;
				SWIFT_OPTIMIZATION_LEVEL = "-Onone";
				SWIFT_VERSION = 5.0;
				TARGETED_DEVICE_FAMILY = "1,2";
			};
			name = Debug;
		};
		6E36C9288FB35AF95259DF16 /* Debug */ = {
			isa = XCBuildConfiguration;
			baseConfigurationReference = CFF5E2B8312E4491ED6D6A99 /* Debug.xcconfig */;
			buildSettings = {
				ALWAYS_SEARCH_USER_PATHS = NO;
				CLANG_ANALYZER_LOCALIZABILITY_NONLOCALIZED = YES;
				CLANG_ANALYZER_NONNULL = YES;
				CLANG_ANALYZER_NUMBER_OBJECT_CONVERSION = YES_AGGRESSIVE;
				CLANG_CXX_LANGUAGE_STANDARD = "gnu++14";
				CLANG_CXX_LIBRARY = "libc++";
				CLANG_ENABLE_MODULES = YES;
				CLANG_ENABLE_OBJC_ARC = YES;
				CLANG_ENABLE_OBJC_WEAK = YES;
				CLANG_WARN_BLOCK_CAPTURE_AUTORELEASING = YES;
				CLANG_WARN_BOOL_CONVERSION = YES;
				CLANG_WARN_COMMA = YES;
				CLANG_WARN_CONSTANT_CONVERSION = YES;
				CLANG_WARN_DEPRECATED_OBJC_IMPLEMENTATIONS = YES;
				CLANG_WARN_DIRECT_OBJC_ISA_USAGE = YES_ERROR;
				CLANG_WARN_DOCUMENTATION_COMMENTS = YES;
				CLANG_WARN_EMPTY_BODY = YES;
				CLANG_WARN_ENUM_CONVERSION = YES;
				CLANG_WARN_INFINITE_RECURSION = YES;
				CLANG_WARN_INT_CONVERSION = YES;
				CLANG_WARN_NON_LITERAL_NULL_CONVERSION = YES;
				CLANG_WARN_OBJC_IMPLICIT_RETAIN_SELF = YES;
				CLANG_WARN_OBJC_LITERAL_CONVERSION = YES;
				CLANG_WARN_OBJC_ROOT_CLASS = YES_ERROR;
				CLANG_WARN_QUOTED_INCLUDE_IN_FRAMEWORK_HEADER = YES;
				CLANG_WARN_RANGE_LOOP_ANALYSIS = YES;
				CLANG_WARN_STRICT_PROTOTYPES = YES;
				CLANG_WARN_SUSPICIOUS_MOVE = YES;
				CLANG_WARN_UNGUARDED_AVAILABILITY = YES_AGGRESSIVE;
				CLANG_WARN_UNREACHABLE_CODE = YES;
				CLANG_WARN__DUPLICATE_METHOD_MATCH = YES;
				COPY_PHASE_STRIP = NO;
				DEAD_CODE_STRIPPING = YES;
				DEBUG_INFORMATION_FORMAT = dwarf;
				ENABLE_STRICT_OBJC_MSGSEND = YES;
				ENABLE_TESTABILITY = YES;
				GCC_C_LANGUAGE_STANDARD = gnu11;
				GCC_DYNAMIC_NO_PIC = NO;
				GCC_NO_COMMON_BLOCKS = YES;
				GCC_OPTIMIZATION_LEVEL = 0;
				GCC_PREPROCESSOR_DEFINITIONS = (
					"DEBUG=1",
					"$(inherited)",
				);
				GCC_WARN_64_TO_32_BIT_CONVERSION = YES;
				GCC_WARN_ABOUT_RETURN_TYPE = YES_ERROR;
				GCC_WARN_UNDECLARED_SELECTOR = YES;
				GCC_WARN_UNINITIALIZED_AUTOS = YES_AGGRESSIVE;
				GCC_WARN_UNUSED_FUNCTION = YES;
				GCC_WARN_UNUSED_VARIABLE = YES;
				MTL_ENABLE_DEBUG_INFO = YES;
				ONLY_ACTIVE_ARCH = YES;
				PRODUCT_NAME = "$(TARGET_NAME)";
			};
			name = Debug;
		};
		ADFA069606D07377C5162C6C /* Release */ = {
			isa = XCBuildConfiguration;
			buildSettings = {
				ASSETCATALOG_COMPILER_APPICON_NAME = AppIcon;
				CODE_SIGN_IDENTITY = "iPhone Developer";
				ENABLE_PREVIEWS = YES;
				INFOPLIST_FILE = "Little-Moments-Info.plist";
				LD_RUNPATH_SEARCH_PATHS = (
					"$(inherited)",
					"@executable_path/Frameworks",
				);
				PRODUCT_BUNDLE_IDENTIFIER = net.bomash.illya.LittleMoments;
				PRODUCT_NAME = LittleMoments;
				SDKROOT = iphoneos;
				SUPPORTS_MACCATALYST = NO;
				SUPPORTS_MAC_DESIGNED_FOR_IPHONE_IPAD = YES;
				SUPPORTS_XR_DESIGNED_FOR_IPHONE_IPAD = NO;
				SWIFT_COMPILATION_MODE = wholemodule;
				SWIFT_OPTIMIZATION_LEVEL = "-Owholemodule";
				SWIFT_VERSION = 5.0;
				TARGETED_DEVICE_FAMILY = "1,2";
			};
			name = Release;
		};
		AE7E6C67645D7EBA880CE867 /* Release */ = {
			isa = XCBuildConfiguration;
			baseConfigurationReference = 4AD2AE5FA929A22585C3F955 /* Release.xcconfig */;
			buildSettings = {
				ALWAYS_SEARCH_USER_PATHS = NO;
				CLANG_ANALYZER_LOCALIZABILITY_NONLOCALIZED = YES;
				CLANG_ANALYZER_NONNULL = YES;
				CLANG_ANALYZER_NUMBER_OBJECT_CONVERSION = YES_AGGRESSIVE;
				CLANG_CXX_LANGUAGE_STANDARD = "gnu++14";
				CLANG_CXX_LIBRARY = "libc++";
				CLANG_ENABLE_MODULES = YES;
				CLANG_ENABLE_OBJC_ARC = YES;
				CLANG_ENABLE_OBJC_WEAK = YES;
				CLANG_WARN_BLOCK_CAPTURE_AUTORELEASING = YES;
				CLANG_WARN_BOOL_CONVERSION = YES;
				CLANG_WARN_COMMA = YES;
				CLANG_WARN_CONSTANT_CONVERSION = YES;
				CLANG_WARN_DEPRECATED_OBJC_IMPLEMENTATIONS = YES;
				CLANG_WARN_DIRECT_OBJC_ISA_USAGE = YES_ERROR;
				CLANG_WARN_DOCUMENTATION_COMMENTS = YES;
				CLANG_WARN_EMPTY_BODY = YES;
				CLANG_WARN_ENUM_CONVERSION = YES;
				CLANG_WARN_INFINITE_RECURSION = YES;
				CLANG_WARN_INT_CONVERSION = YES;
				CLANG_WARN_NON_LITERAL_NULL_CONVERSION = YES;
				CLANG_WARN_OBJC_IMPLICIT_RETAIN_SELF = YES;
				CLANG_WARN_OBJC_LITERAL_CONVERSION = YES;
				CLANG_WARN_OBJC_ROOT_CLASS = YES_ERROR;
				CLANG_WARN_QUOTED_INCLUDE_IN_FRAMEWORK_HEADER = YES;
				CLANG_WARN_RANGE_LOOP_ANALYSIS = YES;
				CLANG_WARN_STRICT_PROTOTYPES = YES;
				CLANG_WARN_SUSPICIOUS_MOVE = YES;
				CLANG_WARN_UNGUARDED_AVAILABILITY = YES_AGGRESSIVE;
				CLANG_WARN_UNREACHABLE_CODE = YES;
				CLANG_WARN__DUPLICATE_METHOD_MATCH = YES;
				COPY_PHASE_STRIP = NO;
				DEAD_CODE_STRIPPING = YES;
				DEBUG_INFORMATION_FORMAT = "dwarf-with-dsym";
				ENABLE_NS_ASSERTIONS = NO;
				ENABLE_STRICT_OBJC_MSGSEND = YES;
				GCC_C_LANGUAGE_STANDARD = gnu11;
				GCC_NO_COMMON_BLOCKS = YES;
				GCC_WARN_64_TO_32_BIT_CONVERSION = YES;
				GCC_WARN_ABOUT_RETURN_TYPE = YES_ERROR;
				GCC_WARN_UNDECLARED_SELECTOR = YES;
				GCC_WARN_UNINITIALIZED_AUTOS = YES_AGGRESSIVE;
				GCC_WARN_UNUSED_FUNCTION = YES;
				GCC_WARN_UNUSED_VARIABLE = YES;
				MTL_ENABLE_DEBUG_INFO = NO;
				PRODUCT_NAME = "$(TARGET_NAME)";
				VALIDATE_PRODUCT = YES;
			};
			name = Release;
		};
		D3A4A825511D5CC1278CA8A3 /* Debug */ = {
			isa = XCBuildConfiguration;
			buildSettings = {
				ASSETCATALOG_COMPILER_APPICON_NAME = AppIcon;
				CODE_SIGN_IDENTITY = "iPhone Developer";
				ENABLE_PREVIEWS = YES;
				INFOPLIST_FILE = "Little-Moments-Info.plist";
				LD_RUNPATH_SEARCH_PATHS = (
					"$(inherited)",
					"@executable_path/Frameworks",
				);
				PRODUCT_BUNDLE_IDENTIFIER = net.bomash.illya.LittleMoments;
				PRODUCT_NAME = LittleMoments;
				SDKROOT = iphoneos;
				SUPPORTS_MACCATALYST = NO;
				SUPPORTS_MAC_DESIGNED_FOR_IPHONE_IPAD = YES;
				SUPPORTS_XR_DESIGNED_FOR_IPHONE_IPAD = NO;
				SWIFT_ACTIVE_COMPILATION_CONDITIONS = (
					"$(inherited)",
					DEBUG,
				);
				SWIFT_COMPILATION_MODE = singlefile;
				SWIFT_OPTIMIZATION_LEVEL = "-Onone";
				SWIFT_VERSION = 5.0;
				TARGETED_DEVICE_FAMILY = "1,2";
			};
			name = Debug;
		};
		DB453B020E7A91EFCFFCE443 /* Release */ = {
			isa = XCBuildConfiguration;
			buildSettings = {
				CODE_SIGN_IDENTITY = "iPhone Developer";
				INFOPLIST_FILE = "Derived/InfoPlists/LittleMomentsTests-Info.plist";
				LD_RUNPATH_SEARCH_PATHS = (
					"$(inherited)",
					"@executable_path/Frameworks",
					"@loader_path/Frameworks",
				);
				PRODUCT_BUNDLE_IDENTIFIER = net.bomash.illya.LittleMomentsTests;
				PRODUCT_NAME = LittleMomentsTests;
				SDKROOT = iphoneos;
				SUPPORTS_MACCATALYST = NO;
				SUPPORTS_MAC_DESIGNED_FOR_IPHONE_IPAD = YES;
				SUPPORTS_XR_DESIGNED_FOR_IPHONE_IPAD = NO;
				SWIFT_COMPILATION_MODE = wholemodule;
				SWIFT_OPTIMIZATION_LEVEL = "-Owholemodule";
				SWIFT_VERSION = 5.0;
				TARGETED_DEVICE_FAMILY = "1,2";
			};
			name = Release;
		};
/* End XCBuildConfiguration section */

/* Begin XCConfigurationList section */
		02F51AE6DB7B78032719D3E5 /* Build configuration list for PBXProject "LittleMoments" */ = {
			isa = XCConfigurationList;
			buildConfigurations = (
				6E36C9288FB35AF95259DF16 /* Debug */,
				AE7E6C67645D7EBA880CE867 /* Release */,
			);
			defaultConfigurationIsVisible = 0;
			defaultConfigurationName = Release;
		};
		3B3646B914D139B2B1148686 /* Build configuration list for PBXNativeTarget "LittleMoments" */ = {
			isa = XCConfigurationList;
			buildConfigurations = (
				D3A4A825511D5CC1278CA8A3 /* Debug */,
				ADFA069606D07377C5162C6C /* Release */,
			);
			defaultConfigurationIsVisible = 0;
			defaultConfigurationName = Release;
		};
		BDEA48B44DAED857533FE346 /* Build configuration list for PBXNativeTarget "LittleMomentsTests" */ = {
			isa = XCConfigurationList;
			buildConfigurations = (
				15EB5E16F6E729B5D1498A17 /* Debug */,
				DB453B020E7A91EFCFFCE443 /* Release */,
			);
			defaultConfigurationIsVisible = 0;
			defaultConfigurationName = Release;
		};
/* End XCConfigurationList section */
	};
	rootObject = 6F426C07DF66FF4F6592565F /* Project object */;
}
