// !$*UTF8*$!
{
	archiveVersion = 1;
	classes = {
	};
	objectVersion = 56;
	objects = {

/* Begin PBXBuildFile section */
		F34D43BD29FFDBC3007070A8 /* Little_MomentsApp.swift in Sources */ = {isa = PBXBuildFile; fileRef = F34D43BC29FFDBC3007070A8 /* Little_MomentsApp.swift */; };
		F34D43BF29FFDBC3007070A8 /* ContentView.swift in Sources */ = {isa = PBXBuildFile; fileRef = F34D43BE29FFDBC3007070A8 /* ContentView.swift */; };
		F34D43C129FFDBC4007070A8 /* Assets.xcassets in Resources */ = {isa = PBXBuildFile; fileRef = F34D43C029FFDBC4007070A8 /* Assets.xcassets */; };
		F34D43C429FFDBC4007070A8 /* Preview Assets.xcassets in Resources */ = {isa = PBXBuildFile; fileRef = F34D43C329FFDBC4007070A8 /* Preview Assets.xcassets */; };
		F34D43CE29FFDBC4007070A8 /* Little_MomentsTests.swift in Sources */ = {isa = PBXBuildFile; fileRef = F34D43CD29FFDBC4007070A8 /* Little_MomentsTests.swift */; };
		F34D43D829FFDBC4007070A8 /* Little_MomentsUITests.swift in Sources */ = {isa = PBXBuildFile; fileRef = F34D43D729FFDBC4007070A8 /* Little_MomentsUITests.swift */; };
		F34D43DA29FFDBC4007070A8 /* Little_MomentsUITestsLaunchTests.swift in Sources */ = {isa = PBXBuildFile; fileRef = F34D43D929FFDBC4007070A8 /* Little_MomentsUITestsLaunchTests.swift */; };
		F34D43E72A0049B5007070A8 /* TimerStartView.swift in Sources */ = {isa = PBXBuildFile; fileRef = F34D43E62A0049B5007070A8 /* TimerStartView.swift */; };
		F34D43E92A0055DB007070A8 /* LargeBlueButtonView.swift in Sources */ = {isa = PBXBuildFile; fileRef = F34D43E82A0055DB007070A8 /* LargeBlueButtonView.swift */; };
		F34D43EB2A0061BC007070A8 /* TimerRunningView.swift in Sources */ = {isa = PBXBuildFile; fileRef = F34D43EA2A0061BC007070A8 /* TimerRunningView.swift */; };
		F34D43ED2A0080D5007070A8 /* TimerViewModel.swift in Sources */ = {isa = PBXBuildFile; fileRef = F34D43EC2A0080D5007070A8 /* TimerViewModel.swift */; };
		F34D43F02A0F2B1F007070A8 /* HealthKitManager.swift in Sources */ = {isa = PBXBuildFile; fileRef = F34D43EF2A0F2B1F007070A8 /* HealthKitManager.swift */; };
		F3B114DA2A222F7F0066ADFA /* 42095__fauxpress__bell-meditation.aif in Resources */ = {isa = PBXBuildFile; fileRef = F3B114D92A222F7F0066ADFA /* 42095__fauxpress__bell-meditation.aif */; };
		F3B114DC2A22337A0066ADFA /* ScheduledBellAlert.swift in Sources */ = {isa = PBXBuildFile; fileRef = F3B114DB2A22337A0066ADFA /* ScheduledBellAlert.swift */; };
		F3F3CD792A1EFCEA009A20E1 /* SoundManager.swift in Sources */ = {isa = PBXBuildFile; fileRef = F3F3CD782A1EFCEA009A20E1 /* SoundManager.swift */; };
/* End PBXBuildFile section */

/* Begin PBXContainerItemProxy section */
		F34D43CA29FFDBC4007070A8 /* PBXContainerItemProxy */ = {
			isa = PBXContainerItemProxy;
			containerPortal = F34D43B129FFDBC3007070A8 /* Project object */;
			proxyType = 1;
			remoteGlobalIDString = F34D43B829FFDBC3007070A8;
			remoteInfo = "Little Moments";
		};
		F34D43D429FFDBC4007070A8 /* PBXContainerItemProxy */ = {
			isa = PBXContainerItemProxy;
			containerPortal = F34D43B129FFDBC3007070A8 /* Project object */;
			proxyType = 1;
			remoteGlobalIDString = F34D43B829FFDBC3007070A8;
			remoteInfo = "Little Moments";
		};
/* End PBXContainerItemProxy section */

/* Begin PBXFileReference section */
		F34D43B929FFDBC3007070A8 /* Just Now.app */ = {isa = PBXFileReference; explicitFileType = wrapper.application; includeInIndex = 0; path = "Just Now.app"; sourceTree = BUILT_PRODUCTS_DIR; };
		F34D43BC29FFDBC3007070A8 /* Little_MomentsApp.swift */ = {isa = PBXFileReference; lastKnownFileType = sourcecode.swift; path = Little_MomentsApp.swift; sourceTree = "<group>"; };
		F34D43BE29FFDBC3007070A8 /* ContentView.swift */ = {isa = PBXFileReference; lastKnownFileType = sourcecode.swift; path = ContentView.swift; sourceTree = "<group>"; };
		F34D43C029FFDBC4007070A8 /* Assets.xcassets */ = {isa = PBXFileReference; lastKnownFileType = folder.assetcatalog; path = Assets.xcassets; sourceTree = "<group>"; };
		F34D43C329FFDBC4007070A8 /* Preview Assets.xcassets */ = {isa = PBXFileReference; lastKnownFileType = folder.assetcatalog; path = "Preview Assets.xcassets"; sourceTree = "<group>"; };
		F34D43C929FFDBC4007070A8 /* Just NowTests.xctest */ = {isa = PBXFileReference; explicitFileType = wrapper.cfbundle; includeInIndex = 0; path = "Just NowTests.xctest"; sourceTree = BUILT_PRODUCTS_DIR; };
		F34D43CD29FFDBC4007070A8 /* Little_MomentsTests.swift */ = {isa = PBXFileReference; lastKnownFileType = sourcecode.swift; path = Little_MomentsTests.swift; sourceTree = "<group>"; };
		F34D43D329FFDBC4007070A8 /* Just NowUITests.xctest */ = {isa = PBXFileReference; explicitFileType = wrapper.cfbundle; includeInIndex = 0; path = "Just NowUITests.xctest"; sourceTree = BUILT_PRODUCTS_DIR; };
		F34D43D729FFDBC4007070A8 /* Little_MomentsUITests.swift */ = {isa = PBXFileReference; lastKnownFileType = sourcecode.swift; path = Little_MomentsUITests.swift; sourceTree = "<group>"; };
		F34D43D929FFDBC4007070A8 /* Little_MomentsUITestsLaunchTests.swift */ = {isa = PBXFileReference; lastKnownFileType = sourcecode.swift; path = Little_MomentsUITestsLaunchTests.swift; sourceTree = "<group>"; };
		F34D43E62A0049B5007070A8 /* TimerStartView.swift */ = {isa = PBXFileReference; lastKnownFileType = sourcecode.swift; path = TimerStartView.swift; sourceTree = "<group>"; };
		F34D43E82A0055DB007070A8 /* LargeBlueButtonView.swift */ = {isa = PBXFileReference; lastKnownFileType = sourcecode.swift; path = LargeBlueButtonView.swift; sourceTree = "<group>"; };
		F34D43EA2A0061BC007070A8 /* TimerRunningView.swift */ = {isa = PBXFileReference; lastKnownFileType = sourcecode.swift; path = TimerRunningView.swift; sourceTree = "<group>"; };
		F34D43EC2A0080D5007070A8 /* TimerViewModel.swift */ = {isa = PBXFileReference; lastKnownFileType = sourcecode.swift; path = TimerViewModel.swift; sourceTree = "<group>"; };
		F34D43EE2A0F2A4F007070A8 /* Just Now.entitlements */ = {isa = PBXFileReference; lastKnownFileType = text.plist.entitlements; path = "Just Now.entitlements"; sourceTree = "<group>"; };
		F34D43EF2A0F2B1F007070A8 /* HealthKitManager.swift */ = {isa = PBXFileReference; lastKnownFileType = sourcecode.swift; path = HealthKitManager.swift; sourceTree = "<group>"; };
		F3B114D92A222F7F0066ADFA /* 42095__fauxpress__bell-meditation.aif */ = {isa = PBXFileReference; lastKnownFileType = file; path = "42095__fauxpress__bell-meditation.aif"; sourceTree = "<group>"; };
		F3B114DB2A22337A0066ADFA /* ScheduledBellAlert.swift */ = {isa = PBXFileReference; lastKnownFileType = sourcecode.swift; path = ScheduledBellAlert.swift; sourceTree = "<group>"; };
		F3F3CD782A1EFCEA009A20E1 /* SoundManager.swift */ = {isa = PBXFileReference; lastKnownFileType = sourcecode.swift; path = SoundManager.swift; sourceTree = "<group>"; };
/* End PBXFileReference section */

/* Begin PBXFrameworksBuildPhase section */
		F34D43B629FFDBC3007070A8 /* Frameworks */ = {
			isa = PBXFrameworksBuildPhase;
			buildActionMask = 2147483647;
			files = (
			);
			runOnlyForDeploymentPostprocessing = 0;
		};
		F34D43C629FFDBC4007070A8 /* Frameworks */ = {
			isa = PBXFrameworksBuildPhase;
			buildActionMask = 2147483647;
			files = (
			);
			runOnlyForDeploymentPostprocessing = 0;
		};
		F34D43D029FFDBC4007070A8 /* Frameworks */ = {
			isa = PBXFrameworksBuildPhase;
			buildActionMask = 2147483647;
			files = (
			);
			runOnlyForDeploymentPostprocessing = 0;
		};
/* End PBXFrameworksBuildPhase section */

/* Begin PBXGroup section */
		F34D43B029FFDBC3007070A8 = {
			isa = PBXGroup;
			children = (
				F3B114D92A222F7F0066ADFA /* 42095__fauxpress__bell-meditation.aif */,
				F34D43EF2A0F2B1F007070A8 /* HealthKitManager.swift */,
				F3B114DB2A22337A0066ADFA /* ScheduledBellAlert.swift */,
				F3F3CD782A1EFCEA009A20E1 /* SoundManager.swift */,
				F34D43EE2A0F2A4F007070A8 /* Just Now.entitlements */,
				F34D43E62A0049B5007070A8 /* TimerStartView.swift */,
				F34D43EA2A0061BC007070A8 /* TimerRunningView.swift */,
				F34D43EC2A0080D5007070A8 /* TimerViewModel.swift */,
				F34D43E82A0055DB007070A8 /* LargeBlueButtonView.swift */,
				F34D43BB29FFDBC3007070A8 /* Little Moments */,
				F34D43CC29FFDBC4007070A8 /* Little MomentsTests */,
				F34D43D629FFDBC4007070A8 /* Little MomentsUITests */,
				F34D43BA29FFDBC3007070A8 /* Products */,
			);
			sourceTree = "<group>";
		};
		F34D43BA29FFDBC3007070A8 /* Products */ = {
			isa = PBXGroup;
			children = (
				F34D43B929FFDBC3007070A8 /* Just Now.app */,
				F34D43C929FFDBC4007070A8 /* Just NowTests.xctest */,
				F34D43D329FFDBC4007070A8 /* Just NowUITests.xctest */,
			);
			name = Products;
			sourceTree = "<group>";
		};
		F34D43BB29FFDBC3007070A8 /* Little Moments */ = {
			isa = PBXGroup;
			children = (
				F34D43BC29FFDBC3007070A8 /* Little_MomentsApp.swift */,
				F34D43BE29FFDBC3007070A8 /* ContentView.swift */,
				F34D43C029FFDBC4007070A8 /* Assets.xcassets */,
				F34D43C229FFDBC4007070A8 /* Preview Content */,
			);
			path = "Little Moments";
			sourceTree = "<group>";
		};
		F34D43C229FFDBC4007070A8 /* Preview Content */ = {
			isa = PBXGroup;
			children = (
				F34D43C329FFDBC4007070A8 /* Preview Assets.xcassets */,
			);
			path = "Preview Content";
			sourceTree = "<group>";
		};
		F34D43CC29FFDBC4007070A8 /* Little MomentsTests */ = {
			isa = PBXGroup;
			children = (
				F34D43CD29FFDBC4007070A8 /* Little_MomentsTests.swift */,
			);
			path = "Little MomentsTests";
			sourceTree = "<group>";
		};
		F34D43D629FFDBC4007070A8 /* Little MomentsUITests */ = {
			isa = PBXGroup;
			children = (
				F34D43D729FFDBC4007070A8 /* Little_MomentsUITests.swift */,
				F34D43D929FFDBC4007070A8 /* Little_MomentsUITestsLaunchTests.swift */,
			);
			path = "Little MomentsUITests";
			sourceTree = "<group>";
		};
/* End PBXGroup section */

/* Begin PBXNativeTarget section */
		F34D43B829FFDBC3007070A8 /* Just Now */ = {
			isa = PBXNativeTarget;
			buildConfigurationList = F34D43DD29FFDBC4007070A8 /* Build configuration list for PBXNativeTarget "Just Now" */;
			buildPhases = (
				F34D43B529FFDBC3007070A8 /* Sources */,
				F34D43B629FFDBC3007070A8 /* Frameworks */,
				F34D43B729FFDBC3007070A8 /* Resources */,
				F3F647D02A1EEE3100A00D9A /* ShellScript */,
			);
			buildRules = (
			);
			dependencies = (
			);
			name = "Just Now";
			productName = "Little Moments";
			productReference = F34D43B929FFDBC3007070A8 /* Just Now.app */;
			productType = "com.apple.product-type.application";
		};
		F34D43C829FFDBC4007070A8 /* Just NowTests */ = {
			isa = PBXNativeTarget;
			buildConfigurationList = F34D43E029FFDBC4007070A8 /* Build configuration list for PBXNativeTarget "Just NowTests" */;
			buildPhases = (
				F34D43C529FFDBC4007070A8 /* Sources */,
				F34D43C629FFDBC4007070A8 /* Frameworks */,
				F34D43C729FFDBC4007070A8 /* Resources */,
			);
			buildRules = (
			);
			dependencies = (
				F34D43CB29FFDBC4007070A8 /* PBXTargetDependency */,
			);
			name = "Just NowTests";
			productName = "Little MomentsTests";
			productReference = F34D43C929FFDBC4007070A8 /* Just NowTests.xctest */;
			productType = "com.apple.product-type.bundle.unit-test";
		};
		F34D43D229FFDBC4007070A8 /* Just NowUITests */ = {
			isa = PBXNativeTarget;
			buildConfigurationList = F34D43E329FFDBC4007070A8 /* Build configuration list for PBXNativeTarget "Just NowUITests" */;
			buildPhases = (
				F34D43CF29FFDBC4007070A8 /* Sources */,
				F34D43D029FFDBC4007070A8 /* Frameworks */,
				F34D43D129FFDBC4007070A8 /* Resources */,
			);
			buildRules = (
			);
			dependencies = (
				F34D43D529FFDBC4007070A8 /* PBXTargetDependency */,
			);
			name = "Just NowUITests";
			productName = "Little MomentsUITests";
			productReference = F34D43D329FFDBC4007070A8 /* Just NowUITests.xctest */;
			productType = "com.apple.product-type.bundle.ui-testing";
		};
/* End PBXNativeTarget section */

/* Begin PBXProject section */
		F34D43B129FFDBC3007070A8 /* Project object */ = {
			isa = PBXProject;
			attributes = {
				BuildIndependentTargetsInParallel = 1;
				LastSwiftUpdateCheck = 1430;
				LastUpgradeCheck = 1430;
				TargetAttributes = {
					F34D43B829FFDBC3007070A8 = {
						CreatedOnToolsVersion = 14.3;
					};
					F34D43C829FFDBC4007070A8 = {
						CreatedOnToolsVersion = 14.3;
						TestTargetID = F34D43B829FFDBC3007070A8;
					};
					F34D43D229FFDBC4007070A8 = {
						CreatedOnToolsVersion = 14.3;
						TestTargetID = F34D43B829FFDBC3007070A8;
					};
				};
			};
			buildConfigurationList = F34D43B429FFDBC3007070A8 /* Build configuration list for PBXProject "Just Now" */;
			compatibilityVersion = "Xcode 14.0";
			developmentRegion = en;
			hasScannedForEncodings = 0;
			knownRegions = (
				en,
				Base,
			);
			mainGroup = F34D43B029FFDBC3007070A8;
			productRefGroup = F34D43BA29FFDBC3007070A8 /* Products */;
			projectDirPath = "";
			projectRoot = "";
			targets = (
				F34D43B829FFDBC3007070A8 /* Just Now */,
				F34D43C829FFDBC4007070A8 /* Just NowTests */,
				F34D43D229FFDBC4007070A8 /* Just NowUITests */,
			);
		};
/* End PBXProject section */

/* Begin PBXResourcesBuildPhase section */
		F34D43B729FFDBC3007070A8 /* Resources */ = {
			isa = PBXResourcesBuildPhase;
			buildActionMask = 2147483647;
			files = (
				F34D43C429FFDBC4007070A8 /* Preview Assets.xcassets in Resources */,
				F34D43C129FFDBC4007070A8 /* Assets.xcassets in Resources */,
				F3B114DA2A222F7F0066ADFA /* 42095__fauxpress__bell-meditation.aif in Resources */,
			);
			runOnlyForDeploymentPostprocessing = 0;
		};
		F34D43C729FFDBC4007070A8 /* Resources */ = {
			isa = PBXResourcesBuildPhase;
			buildActionMask = 2147483647;
			files = (
			);
			runOnlyForDeploymentPostprocessing = 0;
		};
		F34D43D129FFDBC4007070A8 /* Resources */ = {
			isa = PBXResourcesBuildPhase;
			buildActionMask = 2147483647;
			files = (
			);
			runOnlyForDeploymentPostprocessing = 0;
		};
/* End PBXResourcesBuildPhase section */

/* Begin PBXShellScriptBuildPhase section */
		F3F647D02A1EEE3100A00D9A /* ShellScript */ = {
			isa = PBXShellScriptBuildPhase;
			buildActionMask = 2147483647;
			files = (
			);
			inputFileListPaths = (
			);
			inputPaths = (
			);
			outputFileListPaths = (
			);
			outputPaths = (
			);
			runOnlyForDeploymentPostprocessing = 0;
			shellPath = /bin/sh;
			shellScript = "PATH=$PATH:/opt/homebrew/bin\n\nif which swift-format >/dev/null; then\n    swift-format format -i -r \"${PROJECT_DIR}\"\nelse\n    echo \"warning: swift-format not installed\"\nfi\n";
		};
/* End PBXShellScriptBuildPhase section */

/* Begin PBXSourcesBuildPhase section */
		F34D43B529FFDBC3007070A8 /* Sources */ = {
			isa = PBXSourcesBuildPhase;
			buildActionMask = 2147483647;
			files = (
				F34D43EB2A0061BC007070A8 /* TimerRunningView.swift in Sources */,
				F3F3CD792A1EFCEA009A20E1 /* SoundManager.swift in Sources */,
				F34D43BF29FFDBC3007070A8 /* ContentView.swift in Sources */,
				F34D43E72A0049B5007070A8 /* TimerStartView.swift in Sources */,
				F34D43E92A0055DB007070A8 /* LargeBlueButtonView.swift in Sources */,
				F34D43ED2A0080D5007070A8 /* TimerViewModel.swift in Sources */,
				F34D43F02A0F2B1F007070A8 /* HealthKitManager.swift in Sources */,
				F3B114DC2A22337A0066ADFA /* ScheduledBellAlert.swift in Sources */,
				F34D43BD29FFDBC3007070A8 /* Little_MomentsApp.swift in Sources */,
			);
			runOnlyForDeploymentPostprocessing = 0;
		};
		F34D43C529FFDBC4007070A8 /* Sources */ = {
			isa = PBXSourcesBuildPhase;
			buildActionMask = 2147483647;
			files = (
				F34D43CE29FFDBC4007070A8 /* Little_MomentsTests.swift in Sources */,
			);
			runOnlyForDeploymentPostprocessing = 0;
		};
		F34D43CF29FFDBC4007070A8 /* Sources */ = {
			isa = PBXSourcesBuildPhase;
			buildActionMask = 2147483647;
			files = (
				F34D43DA29FFDBC4007070A8 /* Little_MomentsUITestsLaunchTests.swift in Sources */,
				F34D43D829FFDBC4007070A8 /* Little_MomentsUITests.swift in Sources */,
			);
			runOnlyForDeploymentPostprocessing = 0;
		};
/* End PBXSourcesBuildPhase section */

/* Begin PBXTargetDependency section */
		F34D43CB29FFDBC4007070A8 /* PBXTargetDependency */ = {
			isa = PBXTargetDependency;
			target = F34D43B829FFDBC3007070A8 /* Just Now */;
			targetProxy = F34D43CA29FFDBC4007070A8 /* PBXContainerItemProxy */;
		};
		F34D43D529FFDBC4007070A8 /* PBXTargetDependency */ = {
			isa = PBXTargetDependency;
			target = F34D43B829FFDBC3007070A8 /* Just Now */;
			targetProxy = F34D43D429FFDBC4007070A8 /* PBXContainerItemProxy */;
		};
/* End PBXTargetDependency section */

/* Begin XCBuildConfiguration section */
		F34D43DB29FFDBC4007070A8 /* Debug */ = {
			isa = XCBuildConfiguration;
			buildSettings = {
				ALWAYS_SEARCH_USER_PATHS = NO;
				CLANG_ANALYZER_NONNULL = YES;
				CLANG_ANALYZER_NUMBER_OBJECT_CONVERSION = YES_AGGRESSIVE;
				CLANG_CXX_LANGUAGE_STANDARD = "gnu++20";
				CLANG_ENABLE_MODULES = YES;
				CLANG_ENABLE_OBJC_ARC = YES;
				CLANG_ENABLE_OBJC_WEAK = YES;
				CLANG_WARN_BLOCK_CAPTURE_AUTORELEASING = YES;
				CLANG_WARN_BOOL_CONVERSION = YES;
				CLANG_WARN_COMMA = YES;
				CLANG_WARN_CONSTANT_CONVERSION = YES;
				CLANG_WARN_DEPRECATED_OBJC_IMPLEMENTATIONS = YES;
				CLANG_WARN_DIRECT_OBJC_ISA_USAGE = YES_ERROR;
				CLANG_WARN_DOCUMENTATION_COMMENTS = YES;
				CLANG_WARN_EMPTY_BODY = YES;
				CLANG_WARN_ENUM_CONVERSION = YES;
				CLANG_WARN_INFINITE_RECURSION = YES;
				CLANG_WARN_INT_CONVERSION = YES;
				CLANG_WARN_NON_LITERAL_NULL_CONVERSION = YES;
				CLANG_WARN_OBJC_IMPLICIT_RETAIN_SELF = YES;
				CLANG_WARN_OBJC_LITERAL_CONVERSION = YES;
				CLANG_WARN_OBJC_ROOT_CLASS = YES_ERROR;
				CLANG_WARN_QUOTED_INCLUDE_IN_FRAMEWORK_HEADER = YES;
				CLANG_WARN_RANGE_LOOP_ANALYSIS = YES;
				CLANG_WARN_STRICT_PROTOTYPES = YES;
				CLANG_WARN_SUSPICIOUS_MOVE = YES;
				CLANG_WARN_UNGUARDED_AVAILABILITY = YES_AGGRESSIVE;
				CLANG_WARN_UNREACHABLE_CODE = YES;
				CLANG_WARN__DUPLICATE_METHOD_MATCH = YES;
				COPY_PHASE_STRIP = NO;
				DEBUG_INFORMATION_FORMAT = dwarf;
				ENABLE_STRICT_OBJC_MSGSEND = YES;
				ENABLE_TESTABILITY = YES;
				GCC_C_LANGUAGE_STANDARD = gnu11;
				GCC_DYNAMIC_NO_PIC = NO;
				GCC_NO_COMMON_BLOCKS = YES;
				GCC_OPTIMIZATION_LEVEL = 0;
				GCC_PREPROCESSOR_DEFINITIONS = (
					"DEBUG=1",
					"$(inherited)",
				);
				GCC_WARN_64_TO_32_BIT_CONVERSION = YES;
				GCC_WARN_ABOUT_RETURN_TYPE = YES_ERROR;
				GCC_WARN_UNDECLARED_SELECTOR = YES;
				GCC_WARN_UNINITIALIZED_AUTOS = YES_AGGRESSIVE;
				GCC_WARN_UNUSED_FUNCTION = YES;
				GCC_WARN_UNUSED_VARIABLE = YES;
				IPHONEOS_DEPLOYMENT_TARGET = 16.4;
				MTL_ENABLE_DEBUG_INFO = INCLUDE_SOURCE;
				MTL_FAST_MATH = YES;
				ONLY_ACTIVE_ARCH = YES;
				SDKROOT = iphoneos;
				SWIFT_ACTIVE_COMPILATION_CONDITIONS = DEBUG;
				SWIFT_OPTIMIZATION_LEVEL = "-Onone";
			};
			name = Debug;
		};
		F34D43DC29FFDBC4007070A8 /* Release */ = {
			isa = XCBuildConfiguration;
			buildSettings = {
				ALWAYS_SEARCH_USER_PATHS = NO;
				CLANG_ANALYZER_NONNULL = YES;
				CLANG_ANALYZER_NUMBER_OBJECT_CONVERSION = YES_AGGRESSIVE;
				CLANG_CXX_LANGUAGE_STANDARD = "gnu++20";
				CLANG_ENABLE_MODULES = YES;
				CLANG_ENABLE_OBJC_ARC = YES;
				CLANG_ENABLE_OBJC_WEAK = YES;
				CLANG_WARN_BLOCK_CAPTURE_AUTORELEASING = YES;
				CLANG_WARN_BOOL_CONVERSION = YES;
				CLANG_WARN_COMMA = YES;
				CLANG_WARN_CONSTANT_CONVERSION = YES;
				CLANG_WARN_DEPRECATED_OBJC_IMPLEMENTATIONS = YES;
				CLANG_WARN_DIRECT_OBJC_ISA_USAGE = YES_ERROR;
				CLANG_WARN_DOCUMENTATION_COMMENTS = YES;
				CLANG_WARN_EMPTY_BODY = YES;
				CLANG_WARN_ENUM_CONVERSION = YES;
				CLANG_WARN_INFINITE_RECURSION = YES;
				CLANG_WARN_INT_CONVERSION = YES;
				CLANG_WARN_NON_LITERAL_NULL_CONVERSION = YES;
				CLANG_WARN_OBJC_IMPLICIT_RETAIN_SELF = YES;
				CLANG_WARN_OBJC_LITERAL_CONVERSION = YES;
				CLANG_WARN_OBJC_ROOT_CLASS = YES_ERROR;
				CLANG_WARN_QUOTED_INCLUDE_IN_FRAMEWORK_HEADER = YES;
				CLANG_WARN_RANGE_LOOP_ANALYSIS = YES;
				CLANG_WARN_STRICT_PROTOTYPES = YES;
				CLANG_WARN_SUSPICIOUS_MOVE = YES;
				CLANG_WARN_UNGUARDED_AVAILABILITY = YES_AGGRESSIVE;
				CLANG_WARN_UNREACHABLE_CODE = YES;
				CLANG_WARN__DUPLICATE_METHOD_MATCH = YES;
				COPY_PHASE_STRIP = NO;
				DEBUG_INFORMATION_FORMAT = "dwarf-with-dsym";
				ENABLE_NS_ASSERTIONS = NO;
				ENABLE_STRICT_OBJC_MSGSEND = YES;
				GCC_C_LANGUAGE_STANDARD = gnu11;
				GCC_NO_COMMON_BLOCKS = YES;
				GCC_WARN_64_TO_32_BIT_CONVERSION = YES;
				GCC_WARN_ABOUT_RETURN_TYPE = YES_ERROR;
				GCC_WARN_UNDECLARED_SELECTOR = YES;
				GCC_WARN_UNINITIALIZED_AUTOS = YES_AGGRESSIVE;
				GCC_WARN_UNUSED_FUNCTION = YES;
				GCC_WARN_UNUSED_VARIABLE = YES;
				IPHONEOS_DEPLOYMENT_TARGET = 16.4;
				MTL_ENABLE_DEBUG_INFO = NO;
				MTL_FAST_MATH = YES;
				SDKROOT = iphoneos;
				SWIFT_COMPILATION_MODE = wholemodule;
				SWIFT_OPTIMIZATION_LEVEL = "-O";
				VALIDATE_PRODUCT = YES;
			};
			name = Release;
		};
		F34D43DE29FFDBC4007070A8 /* Debug */ = {
			isa = XCBuildConfiguration;
			buildSettings = {
				ASSETCATALOG_COMPILER_APPICON_NAME = AppIcon;
				ASSETCATALOG_COMPILER_GLOBAL_ACCENT_COLOR_NAME = AccentColor;
				CODE_SIGN_ENTITLEMENTS = "Just Now.entitlements";
				CODE_SIGN_STYLE = Automatic;
				CURRENT_PROJECT_VERSION = 1;
				DEVELOPMENT_ASSET_PATHS = "\"Little Moments/Preview Content\"";
				DEVELOPMENT_TEAM = Z5NU48NAF9;
				ENABLE_PREVIEWS = YES;
				GENERATE_INFOPLIST_FILE = YES;
				INFOPLIST_KEY_NSHealthShareUsageDescription = "Just Now will write your minfulness minutes to Apple Health";
				INFOPLIST_KEY_NSHealthUpdateUsageDescription = "Just Now will write your minfulness minutes to Apple Health";
				INFOPLIST_KEY_UIApplicationSceneManifest_Generation = YES;
				INFOPLIST_KEY_UIApplicationSupportsIndirectInputEvents = YES;
				INFOPLIST_KEY_UILaunchScreen_Generation = YES;
				INFOPLIST_KEY_UISupportedInterfaceOrientations_iPad = "UIInterfaceOrientationPortrait UIInterfaceOrientationPortraitUpsideDown UIInterfaceOrientationLandscapeLeft UIInterfaceOrientationLandscapeRight";
				INFOPLIST_KEY_UISupportedInterfaceOrientations_iPhone = "UIInterfaceOrientationPortrait UIInterfaceOrientationLandscapeLeft UIInterfaceOrientationLandscapeRight";
				LD_RUNPATH_SEARCH_PATHS = (
					"$(inherited)",
					"@executable_path/Frameworks",
				);
				MARKETING_VERSION = 1.0;
				PRODUCT_BUNDLE_IDENTIFIER = "net.bomash.illya.Just-Now";
				PRODUCT_NAME = "$(TARGET_NAME)";
				SWIFT_EMIT_LOC_STRINGS = YES;
				SWIFT_VERSION = 5.0;
				TARGETED_DEVICE_FAMILY = "1,2";
			};
			name = Debug;
		};
		F34D43DF29FFDBC4007070A8 /* Release */ = {
			isa = XCBuildConfiguration;
			buildSettings = {
				ASSETCATALOG_COMPILER_APPICON_NAME = AppIcon;
				ASSETCATALOG_COMPILER_GLOBAL_ACCENT_COLOR_NAME = AccentColor;
				CODE_SIGN_ENTITLEMENTS = "Just Now.entitlements";
				CODE_SIGN_STYLE = Automatic;
				CURRENT_PROJECT_VERSION = 1;
				DEVELOPMENT_ASSET_PATHS = "\"Little Moments/Preview Content\"";
				DEVELOPMENT_TEAM = Z5NU48NAF9;
				ENABLE_PREVIEWS = YES;
				GENERATE_INFOPLIST_FILE = YES;
				INFOPLIST_KEY_NSHealthShareUsageDescription = "Just Now will write your minfulness minutes to Apple Health";
				INFOPLIST_KEY_NSHealthUpdateUsageDescription = "Just Now will write your minfulness minutes to Apple Health";
				INFOPLIST_KEY_UIApplicationSceneManifest_Generation = YES;
				INFOPLIST_KEY_UIApplicationSupportsIndirectInputEvents = YES;
				INFOPLIST_KEY_UILaunchScreen_Generation = YES;
				INFOPLIST_KEY_UISupportedInterfaceOrientations_iPad = "UIInterfaceOrientationPortrait UIInterfaceOrientationPortraitUpsideDown UIInterfaceOrientationLandscapeLeft UIInterfaceOrientationLandscapeRight";
				INFOPLIST_KEY_UISupportedInterfaceOrientations_iPhone = "UIInterfaceOrientationPortrait UIInterfaceOrientationLandscapeLeft UIInterfaceOrientationLandscapeRight";
				LD_RUNPATH_SEARCH_PATHS = (
					"$(inherited)",
					"@executable_path/Frameworks",
				);
				MARKETING_VERSION = 1.0;
				PRODUCT_BUNDLE_IDENTIFIER = "net.bomash.illya.Just-Now";
				PRODUCT_NAME = "$(TARGET_NAME)";
				SWIFT_EMIT_LOC_STRINGS = YES;
				SWIFT_VERSION = 5.0;
				TARGETED_DEVICE_FAMILY = "1,2";
			};
			name = Release;
		};
		F34D43E129FFDBC4007070A8 /* Debug */ = {
			isa = XCBuildConfiguration;
			buildSettings = {
				ALWAYS_EMBED_SWIFT_STANDARD_LIBRARIES = YES;
				BUNDLE_LOADER = "$(TEST_HOST)";
				CODE_SIGN_STYLE = Automatic;
				CURRENT_PROJECT_VERSION = 1;
				GENERATE_INFOPLIST_FILE = YES;
				IPHONEOS_DEPLOYMENT_TARGET = 16.4;
				MARKETING_VERSION = 1.0;
				PRODUCT_BUNDLE_IDENTIFIER = "net.bomash.illya.Little-MomentsTests";
				PRODUCT_NAME = "$(TARGET_NAME)";
				SWIFT_EMIT_LOC_STRINGS = NO;
				SWIFT_VERSION = 5.0;
				TARGETED_DEVICE_FAMILY = "1,2";
				TEST_HOST = "$(BUILT_PRODUCTS_DIR)/Just Now.app/$(BUNDLE_EXECUTABLE_FOLDER_PATH)/Just Now";
			};
			name = Debug;
		};
		F34D43E229FFDBC4007070A8 /* Release */ = {
			isa = XCBuildConfiguration;
			buildSettings = {
				ALWAYS_EMBED_SWIFT_STANDARD_LIBRARIES = YES;
				BUNDLE_LOADER = "$(TEST_HOST)";
				CODE_SIGN_STYLE = Automatic;
				CURRENT_PROJECT_VERSION = 1;
				GENERATE_INFOPLIST_FILE = YES;
				IPHONEOS_DEPLOYMENT_TARGET = 16.4;
				MARKETING_VERSION = 1.0;
				PRODUCT_BUNDLE_IDENTIFIER = "net.bomash.illya.Little-MomentsTests";
				PRODUCT_NAME = "$(TARGET_NAME)";
				SWIFT_EMIT_LOC_STRINGS = NO;
				SWIFT_VERSION = 5.0;
				TARGETED_DEVICE_FAMILY = "1,2";
				TEST_HOST = "$(BUILT_PRODUCTS_DIR)/Just Now.app/$(BUNDLE_EXECUTABLE_FOLDER_PATH)/Just Now";
			};
			name = Release;
		};
		F34D43E429FFDBC4007070A8 /* Debug */ = {
			isa = XCBuildConfiguration;
			buildSettings = {
				ALWAYS_EMBED_SWIFT_STANDARD_LIBRARIES = YES;
				CODE_SIGN_STYLE = Automatic;
				CURRENT_PROJECT_VERSION = 1;
				GENERATE_INFOPLIST_FILE = YES;
				MARKETING_VERSION = 1.0;
				PRODUCT_BUNDLE_IDENTIFIER = "net.bomash.illya.Little-MomentsUITests";
				PRODUCT_NAME = "$(TARGET_NAME)";
				SWIFT_EMIT_LOC_STRINGS = NO;
				SWIFT_VERSION = 5.0;
				TARGETED_DEVICE_FAMILY = "1,2";
				TEST_TARGET_NAME = "Little Moments";
			};
			name = Debug;
		};
		F34D43E529FFDBC4007070A8 /* Release */ = {
			isa = XCBuildConfiguration;
			buildSettings = {
				ALWAYS_EMBED_SWIFT_STANDARD_LIBRARIES = YES;
				CODE_SIGN_STYLE = Automatic;
				CURRENT_PROJECT_VERSION = 1;
				GENERATE_INFOPLIST_FILE = YES;
				MARKETING_VERSION = 1.0;
				PRODUCT_BUNDLE_IDENTIFIER = "net.bomash.illya.Little-MomentsUITests";
				PRODUCT_NAME = "$(TARGET_NAME)";
				SWIFT_EMIT_LOC_STRINGS = NO;
				SWIFT_VERSION = 5.0;
				TARGETED_DEVICE_FAMILY = "1,2";
				TEST_TARGET_NAME = "Little Moments";
			};
			name = Release;
		};
/* End XCBuildConfiguration section */

/* Begin XCConfigurationList section */
		F34D43B429FFDBC3007070A8 /* Build configuration list for PBXProject "Just Now" */ = {
			isa = XCConfigurationList;
			buildConfigurations = (
				F34D43DB29FFDBC4007070A8 /* Debug */,
				F34D43DC29FFDBC4007070A8 /* Release */,
			);
			defaultConfigurationIsVisible = 0;
			defaultConfigurationName = Release;
		};
		F34D43DD29FFDBC4007070A8 /* Build configuration list for PBXNativeTarget "Just Now" */ = {
			isa = XCConfigurationList;
			buildConfigurations = (
				F34D43DE29FFDBC4007070A8 /* Debug */,
				F34D43DF29FFDBC4007070A8 /* Release */,
			);
			defaultConfigurationIsVisible = 0;
			defaultConfigurationName = Release;
		};
		F34D43E029FFDBC4007070A8 /* Build configuration list for PBXNativeTarget "Just NowTests" */ = {
			isa = XCConfigurationList;
			buildConfigurations = (
				F34D43E129FFDBC4007070A8 /* Debug */,
				F34D43E229FFDBC4007070A8 /* Release */,
			);
			defaultConfigurationIsVisible = 0;
			defaultConfigurationName = Release;
		};
		F34D43E329FFDBC4007070A8 /* Build configuration list for PBXNativeTarget "Just NowUITests" */ = {
			isa = XCConfigurationList;
			buildConfigurations = (
				F34D43E429FFDBC4007070A8 /* Debug */,
				F34D43E529FFDBC4007070A8 /* Release */,
			);
			defaultConfigurationIsVisible = 0;
			defaultConfigurationName = Release;
		};
/* End XCConfigurationList section */
	};
	rootObject = F34D43B129FFDBC3007070A8 /* Project object */;
}
